<Solution>
  <Folder Name="/benchmarks/">
    <Project Path="benchmarks/B3.Umdf.Book.Benchmarks/B3.Umdf.Book.Benchmarks.csproj" />
    <Project Path="benchmarks/B3.Umdf.Feed.Benchmarks/B3.Umdf.Feed.Benchmarks.csproj" />
    <Project Path="benchmarks/B3.Umdf.FixConflated.Benchmarks/B3.Umdf.FixConflated.Benchmarks.csproj" />
  </Folder>
  <Folder Name="/src/">
    <Project Path="src/B3.MarketData.WebSocketClient/B3.MarketData.WebSocketClient.csproj" />
    <Project Path="src/B3.MarketData.Wire/B3.MarketData.Wire.csproj" />
    <Project Path="src/B3.Umdf.Book/B3.Umdf.Book.csproj" />
    <Project Path="src/B3.Umdf.ConsoleApp/B3.Umdf.ConsoleApp.csproj" />
    <Project Path="src/B3.Umdf.Feed/B3.Umdf.Feed.csproj" />
    <Project Path="src/B3.Umdf.FixConflated/B3.Umdf.FixConflated.csproj" />
    <Project Path="src/B3.Umdf.PcapReplay/B3.Umdf.PcapReplay.csproj" />
    <Project Path="src/B3.Umdf.Sbe/B3.Umdf.Sbe.csproj" />
    <Project Path="src/B3.Umdf.Transport/B3.Umdf.Transport.csproj" />
    <Project Path="src/B3.Umdf.Server/B3.Umdf.Server.csproj" />
  </Folder>
  <Folder Name="/tools/">
    <Project Path="tools/PcapRptSeqAnalyzer/PcapRptSeqAnalyzer.csproj" />
    <Project Path="tools/PcapTrafficCharacterizer/PcapTrafficCharacterizer.csproj" />
    <Project Path="tools/InboundLatencyProbe/InboundLatencyProbe.csproj" />
    <Project Path="tools/PerfBaselineCompare/PerfBaselineCompare.csproj" />
    <Project Path="tools/PerfBaselineCompare.Tests/PerfBaselineCompare.Tests.csproj" />
    <Project Path="tools/BookFeedLoadHarness/BookFeedLoadHarness.csproj" />
  </Folder>
  <Folder Name="/tests/">
    <Project Path="tests/B3.MarketData.WebSocketClient.Tests/B3.MarketData.WebSocketClient.Tests.csproj" />
    <Project Path="tests/B3.Umdf.Book.Tests/B3.Umdf.Book.Tests.csproj" />
    <Project Path="tests/B3.Umdf.ConsoleApp.Tests/B3.Umdf.ConsoleApp.Tests.csproj" />
    <Project Path="tests/B3.Umdf.Feed.Tests/B3.Umdf.Feed.Tests.csproj" />
    <Project Path="tests/B3.Umdf.FixConflated.Tests/B3.Umdf.FixConflated.Tests.csproj" />
    <Project Path="tests/B3.Umdf.Fuzz.Tests/B3.Umdf.Fuzz.Tests.csproj" />
    <Project Path="tests/B3.Umdf.PcapReplay.Tests/B3.Umdf.PcapReplay.Tests.csproj" />
    <Project Path="tests/B3.Umdf.Sbe.Tests/B3.Umdf.Sbe.Tests.csproj" />
    <Project Path="tests/B3.Umdf.Server.Tests/B3.Umdf.Server.Tests.csproj" />
    <Project Path="tests/B3.Umdf.Transport.Tests/B3.Umdf.Transport.Tests.csproj" />
  </Folder>
</Solution>
